{
  "name": "minetrocity-nodb",
  "version": "1.0.0",
  "lockfileVersion": 1,
  "requires": true,
  "dependencies": {
    "mkdirp": {
      "version": "2.1.5",
      "resolved": "https://registry.npmjs.org/mkdirp/-/mkdirp-2.1.5.tgz",
      "integrity": "sha512-jbjfql+shJtAPrFoKxHOXip4xS+kul9W3OzfzzrqueWK2QMGon2bFH2opl6W9EagBThjEz+iysyi/swOoVfB/w=="
    },
    "q": {
      "version": "1.5.1",
      "resolved": "https://registry.npmjs.org/q/-/q-1.5.1.tgz",
      "integrity": "sha1-fjL3W0E4EpHQRhHxvxQQmsAGUdc="
    }
  }
}
