{
  "name": "minetrocity-nodb",
  "version": "1.0.0",
  "lockfileVersion": 1,
  "requires": true,
  "dependencies": {
    "mkdirp": {
      "version": "2.1.2",
      "resolved": "https://registry.npmjs.org/mkdirp/-/mkdirp-2.1.2.tgz",
      "integrity": "sha512-12UORspdR5q37RhJO1XasFrqNX3FbIbdtvNP2uHJJx6mhEXdNDaaCiXLiLGrqaKX1n6WvafTIIndZV2pJayNsg=="
    },
    "q": {
      "version": "1.5.1",
      "resolved": "https://registry.npmjs.org/q/-/q-1.5.1.tgz",
      "integrity": "sha1-fjL3W0E4EpHQRhHxvxQQmsAGUdc="
    }
  }
}
